
Microsoft Visual Studio Solution File, Format Version 12.00
# Visual Studio 2015
Project("{FAE04EC0-301F-11D3-BF4B-00C04F79EFBC}") = "Theby-ambientevr-usach-76950b202b5f.CSharp.Plugins", "Theby-ambientevr-usach-76950b202b5f.CSharp.Plugins.csproj", "{D186FF0D-7DBB-FE10-537E-B6573AA10FE7}"
EndProject
Project("{FAE04EC0-301F-11D3-BF4B-00C04F79EFBC}") = "Theby-ambientevr-usach-76950b202b5f.CSharp", "Theby-ambientevr-usach-76950b202b5f.CSharp.csproj", "{E092811D-9FE1-9D95-22D0-064C7BDBFAA2}"
EndProject
Project("{FAE04EC0-301F-11D3-BF4B-00C04F79EFBC}") = "Theby-ambientevr-usach-76950b202b5f.CSharp.Editor", "Theby-ambientevr-usach-76950b202b5f.CSharp.Editor.csproj", "{C2873796-1640-5C4D-6C51-8869CBD15D47}"
EndProject
Global
	GlobalSection(SolutionConfigurationPlatforms) = preSolution
		Debug|Any CPU = Debug|Any CPU
		Release|Any CPU = Release|Any CPU
	EndGlobalSection
	GlobalSection(ProjectConfigurationPlatforms) = postSolution
		{D186FF0D-7DBB-FE10-537E-B6573AA10FE7}.Debug|Any CPU.ActiveCfg = Debug|Any CPU
		{D186FF0D-7DBB-FE10-537E-B6573AA10FE7}.Debug|Any CPU.Build.0 = Debug|Any CPU
		{D186FF0D-7DBB-FE10-537E-B6573AA10FE7}.Release|Any CPU.ActiveCfg = Release|Any CPU
		{D186FF0D-7DBB-FE10-537E-B6573AA10FE7}.Release|Any CPU.Build.0 = Release|Any CPU
		{E092811D-9FE1-9D95-22D0-064C7BDBFAA2}.Debug|Any CPU.ActiveCfg = Debug|Any CPU
		{E092811D-9FE1-9D95-22D0-064C7BDBFAA2}.Debug|Any CPU.Build.0 = Debug|Any CPU
		{E092811D-9FE1-9D95-22D0-064C7BDBFAA2}.Release|Any CPU.ActiveCfg = Release|Any CPU
		{E092811D-9FE1-9D95-22D0-064C7BDBFAA2}.Release|Any CPU.Build.0 = Release|Any CPU
		{C2873796-1640-5C4D-6C51-8869CBD15D47}.Debug|Any CPU.ActiveCfg = Debug|Any CPU
		{C2873796-1640-5C4D-6C51-8869CBD15D47}.Debug|Any CPU.Build.0 = Debug|Any CPU
		{C2873796-1640-5C4D-6C51-8869CBD15D47}.Release|Any CPU.ActiveCfg = Release|Any CPU
		{C2873796-1640-5C4D-6C51-8869CBD15D47}.Release|Any CPU.Build.0 = Release|Any CPU
	EndGlobalSection
	GlobalSection(SolutionProperties) = preSolution
		HideSolutionNode = FALSE
	EndGlobalSection
EndGlobal
